
Microsoft Visual Studio Solution File, Format Version 12.00
# Visual Studio 15
VisualStudioVersion = 15.0.28307.2017
MinimumVisualStudioVersion = 10.0.40219.1
Project("{FAE04EC0-301F-11D3-BF4B-00C04F79EFBC}") = "Pokemons", "Pokemons\Pokemons.csproj", "{2D7D0BC7-2C16-467B-B9CD-A6B2E37FB688}"
EndProject
Project("{FAE04EC0-301F-11D3-BF4B-00C04F79EFBC}") = "Dominio", "Dominio\Dominio.csproj", "{741BEE80-850B-4324-B5EC-C11A674F2F46}"
EndProject
Project("{FAE04EC0-301F-11D3-BF4B-00C04F79EFBC}") = "Negocio", "Negocio\Negocio.csproj", "{029A1262-4C37-4D17-ADEF-F348C8B394A9}"
EndProject
Global
	GlobalSection(SolutionConfigurationPlatforms) = preSolution
		Debug|Any CPU = Debug|Any CPU
		Release|Any CPU = Release|Any CPU
	EndGlobalSection
	GlobalSection(ProjectConfigurationPlatforms) = postSolution
		{2D7D0BC7-2C16-467B-B9CD-A6B2E37FB688}.Debug|Any CPU.ActiveCfg = Debug|Any CPU
		{2D7D0BC7-2C16-467B-B9CD-A6B2E37FB688}.Debug|Any CPU.Build.0 = Debug|Any CPU
		{2D7D0BC7-2C16-467B-B9CD-A6B2E37FB688}.Release|Any CPU.ActiveCfg = Release|Any CPU
		{2D7D0BC7-2C16-467B-B9CD-A6B2E37FB688}.Release|Any CPU.Build.0 = Release|Any CPU
		{741BEE80-850B-4324-B5EC-C11A674F2F46}.Debug|Any CPU.ActiveCfg = Debug|Any CPU
		{741BEE80-850B-4324-B5EC-C11A674F2F46}.Debug|Any CPU.Build.0 = Debug|Any CPU
		{741BEE80-850B-4324-B5EC-C11A674F2F46}.Release|Any CPU.ActiveCfg = Release|Any CPU
		{741BEE80-850B-4324-B5EC-C11A674F2F46}.Release|Any CPU.Build.0 = Release|Any CPU
		{029A1262-4C37-4D17-ADEF-F348C8B394A9}.Debug|Any CPU.ActiveCfg = Debug|Any CPU
		{029A1262-4C37-4D17-ADEF-F348C8B394A9}.Debug|Any CPU.Build.0 = Debug|Any CPU
		{029A1262-4C37-4D17-ADEF-F348C8B394A9}.Release|Any CPU.ActiveCfg = Release|Any CPU
		{029A1262-4C37-4D17-ADEF-F348C8B394A9}.Release|Any CPU.Build.0 = Release|Any CPU
	EndGlobalSection
	GlobalSection(SolutionProperties) = preSolution
		HideSolutionNode = FALSE
	EndGlobalSection
	GlobalSection(ExtensibilityGlobals) = postSolution
		SolutionGuid = {9EB20F21-34F3-45D4-8E01-82FDEF6421BA}
	EndGlobalSection
EndGlobal
